
Microsoft Visual Studio Solution File, Format Version 12.00
# Visual Studio 2013
VisualStudioVersion = 12.0.21005.1
MinimumVisualStudioVersion = 10.0.40219.1
Project("{FAE04EC0-301F-11D3-BF4B-00C04F79EFBC}") = "BridgeDistribution", "BridgeDistribution.csproj", "{BCE8F776-516E-453D-92BC-9C11F4E83E29}"
EndProject
Project("{FAE04EC0-301F-11D3-BF4B-00C04F79EFBC}") = "BridgeBlocker", "BridgeBlocker\BridgeBlocker.csproj", "{89682599-1571-49A9-9578-3F41BED1303B}"
EndProject
Global
	GlobalSection(SolutionConfigurationPlatforms) = preSolution
		Debug|Any CPU = Debug|Any CPU
		Release|Any CPU = Release|Any CPU
	EndGlobalSection
	GlobalSection(ProjectConfigurationPlatforms) = postSolution
		{BCE8F776-516E-453D-92BC-9C11F4E83E29}.Debug|Any CPU.ActiveCfg = Debug|Any CPU
		{BCE8F776-516E-453D-92BC-9C11F4E83E29}.Debug|Any CPU.Build.0 = Debug|Any CPU
		{BCE8F776-516E-453D-92BC-9C11F4E83E29}.Release|Any CPU.ActiveCfg = Release|Any CPU
		{BCE8F776-516E-453D-92BC-9C11F4E83E29}.Release|Any CPU.Build.0 = Release|Any CPU
		{89682599-1571-49A9-9578-3F41BED1303B}.Debug|Any CPU.ActiveCfg = Debug|Any CPU
		{89682599-1571-49A9-9578-3F41BED1303B}.Debug|Any CPU.Build.0 = Debug|Any CPU
		{89682599-1571-49A9-9578-3F41BED1303B}.Release|Any CPU.ActiveCfg = Release|Any CPU
		{89682599-1571-49A9-9578-3F41BED1303B}.Release|Any CPU.Build.0 = Release|Any CPU
	EndGlobalSection
	GlobalSection(SolutionProperties) = preSolution
		HideSolutionNode = FALSE
	EndGlobalSection
EndGlobal
